
Microsoft Visual Studio Solution File, Format Version 12.00
# Visual Studio 15
VisualStudioVersion = 15.0.26730.16
MinimumVisualStudioVersion = 10.0.40219.1
Project("{FAE04EC0-301F-11D3-BF4B-00C04F79EFBC}") = "SVGH", "SVGH\SVGH.csproj", "{42D9D14E-4CC9-478E-AC33-9FC4D88E39C7}"
EndProject
Global
	GlobalSection(SolutionConfigurationPlatforms) = preSolution
		Debug|Any CPU = Debug|Any CPU
		Release|Any CPU = Release|Any CPU
	EndGlobalSection
	GlobalSection(ProjectConfigurationPlatforms) = postSolution
		{42D9D14E-4CC9-478E-AC33-9FC4D88E39C7}.Debug|Any CPU.ActiveCfg = Debug|Any CPU
		{42D9D14E-4CC9-478E-AC33-9FC4D88E39C7}.Debug|Any CPU.Build.0 = Debug|Any CPU
		{42D9D14E-4CC9-478E-AC33-9FC4D88E39C7}.Release|Any CPU.ActiveCfg = Release|Any CPU
		{42D9D14E-4CC9-478E-AC33-9FC4D88E39C7}.Release|Any CPU.Build.0 = Release|Any CPU
	EndGlobalSection
	GlobalSection(SolutionProperties) = preSolution
		HideSolutionNode = FALSE
	EndGlobalSection
	GlobalSection(ExtensibilityGlobals) = postSolution
		SolutionGuid = {16DB81D9-0939-4E09-90D4-723C5E0800A7}
	EndGlobalSection
EndGlobal
